// !$*UTF8*$!
{
	archiveVersion = 1;
	classes = {
	};
	objectVersion = 56;
	objects = {

/* Begin PBXBuildFile section */
		9D153DA32E4FA28700890E39 /* SingleImageViewController.swift in Sources */ = {isa = PBXBuildFile; fileRef = 9DCE63032E45DAD800D9A3C2 /* SingleImageViewController.swift */; };
		9D153DA52E56F63500890E39 /* Constants.swift in Sources */ = {isa = PBXBuildFile; fileRef = 9D153DA42E56F63500890E39 /* Constants.swift */; };
		9D153DA82E57148800890E39 /* AuthViewController.swift in Sources */ = {isa = PBXBuildFile; fileRef = 9D153DA72E57148800890E39 /* AuthViewController.swift */; };
		9D153DAA2E57162800890E39 /* WebViewViewController.swift in Sources */ = {isa = PBXBuildFile; fileRef = 9D153DA92E57162800890E39 /* WebViewViewController.swift */; };
		9D153DAC2E58629300890E39 /* OAuth2Service.swift in Sources */ = {isa = PBXBuildFile; fileRef = 9D153DAB2E58629300890E39 /* OAuth2Service.swift */; };
		9D153DAE2E5866FA00890E39 /* URLSession+data.swift in Sources */ = {isa = PBXBuildFile; fileRef = 9D153DAD2E5866FA00890E39 /* URLSession+data.swift */; };
		9D153DB02E586C9100890E39 /* SplashViewController.swift in Sources */ = {isa = PBXBuildFile; fileRef = 9D153DAF2E586C9100890E39 /* SplashViewController.swift */; };
		9D153DB22E586DEE00890E39 /* OAuth2TokenStorage.swift in Sources */ = {isa = PBXBuildFile; fileRef = 9D153DB12E586DEE00890E39 /* OAuth2TokenStorage.swift */; };
		9D153DBB2EADE66900890E39 /* OAuthTokenResponseBody.swift in Sources */ = {isa = PBXBuildFile; fileRef = 9D153DBA2EADE66900890E39 /* OAuthTokenResponseBody.swift */; };
		9D153DBE2EAF7E7300890E39 /* WebKit.framework in Frameworks */ = {isa = PBXBuildFile; fileRef = 9D153DBD2EAF7E7300890E39 /* WebKit.framework */; };
		9D153DC02EAFC0C200890E39 /* OAuth2ServiceError.swift in Sources */ = {isa = PBXBuildFile; fileRef = 9D153DBF2EAFC0C200890E39 /* OAuth2ServiceError.swift */; };
		9D153DC22EAFE51400890E39 /* NetworkError.swift in Sources */ = {isa = PBXBuildFile; fileRef = 9D153DC12EAFE51400890E39 /* NetworkError.swift */; };
		9D153DCE2EB0A32E00890E39 /* ProgressHUD in Frameworks */ = {isa = PBXBuildFile; productRef = 9D153DCD2EB0A32E00890E39 /* ProgressHUD */; };
		9D153DD02EB12B1B00890E39 /* UIBlockingProgressHUD.swift in Sources */ = {isa = PBXBuildFile; fileRef = 9D153DCF2EB12B1B00890E39 /* UIBlockingProgressHUD.swift */; };
		9D153DD52EB204E500890E39 /* ProfileService.swift in Sources */ = {isa = PBXBuildFile; fileRef = 9D153DD42EB204E500890E39 /* ProfileService.swift */; };
		9D153DD72EB2691A00890E39 /* ProfileImageService.swift in Sources */ = {isa = PBXBuildFile; fileRef = 9D153DD62EB2691A00890E39 /* ProfileImageService.swift */; };
		9D153DDA2EB4627100890E39 /* Kingfisher in Frameworks */ = {isa = PBXBuildFile; productRef = 9D153DD92EB4627100890E39 /* Kingfisher */; };
		9D153DDD2EB4734300890E39 /* SwiftKeychainWrapper in Frameworks */ = {isa = PBXBuildFile; productRef = 9D153DDC2EB4734300890E39 /* SwiftKeychainWrapper */; };
		9D153DDF2EB476F800890E39 /* TabBarController.swift in Sources */ = {isa = PBXBuildFile; fileRef = 9D153DDE2EB476F800890E39 /* TabBarController.swift */; };
		9DB3E8802E02AC9B0006096D /* ImagesListCell.swift in Sources */ = {isa = PBXBuildFile; fileRef = 9DB3E87F2E02AC9B0006096D /* ImagesListCell.swift */; };
		9DBF23162DFFFC9900D821A0 /* AppDelegate.swift in Sources */ = {isa = PBXBuildFile; fileRef = 9DBF23152DFFFC9900D821A0 /* AppDelegate.swift */; };
		9DBF23182DFFFC9900D821A0 /* SceneDelegate.swift in Sources */ = {isa = PBXBuildFile; fileRef = 9DBF23172DFFFC9900D821A0 /* SceneDelegate.swift */; };
		9DBF231A2DFFFC9900D821A0 /* ImagesListViewController.swift in Sources */ = {isa = PBXBuildFile; fileRef = 9DBF23192DFFFC9900D821A0 /* ImagesListViewController.swift */; };
		9DBF232D2E015E6200D821A0 /* LaunchScreen.storyboard in Resources */ = {isa = PBXBuildFile; fileRef = 9DBF23202DFFFC9A00D821A0 /* LaunchScreen.storyboard */; };
		9DC6D5B52E0406040031DD88 /* Main.storyboard in Resources */ = {isa = PBXBuildFile; fileRef = 9DBF231B2DFFFC9900D821A0 /* Main.storyboard */; };
		9DC6D5B82E0464510031DD88 /* Assets.xcassets in Resources */ = {isa = PBXBuildFile; fileRef = 9DC6D5B72E0464510031DD88 /* Assets.xcassets */; };
		9DC6D5BD2E449B750031DD88 /* ProfileViewController.swift in Sources */ = {isa = PBXBuildFile; fileRef = 9DC6D5BC2E449B750031DD88 /* ProfileViewController.swift */; };
/* End PBXBuildFile section */

/* Begin PBXFileReference section */
		9D153DA42E56F63500890E39 /* Constants.swift */ = {isa = PBXFileReference; lastKnownFileType = sourcecode.swift; path = Constants.swift; sourceTree = "<group>"; };
		9D153DA72E57148800890E39 /* AuthViewController.swift */ = {isa = PBXFileReference; lastKnownFileType = sourcecode.swift; path = AuthViewController.swift; sourceTree = "<group>"; };
		9D153DA92E57162800890E39 /* WebViewViewController.swift */ = {isa = PBXFileReference; lastKnownFileType = sourcecode.swift; path = WebViewViewController.swift; sourceTree = "<group>"; };
		9D153DAB2E58629300890E39 /* OAuth2Service.swift */ = {isa = PBXFileReference; lastKnownFileType = sourcecode.swift; path = OAuth2Service.swift; sourceTree = "<group>"; };
		9D153DAD2E5866FA00890E39 /* URLSession+data.swift */ = {isa = PBXFileReference; lastKnownFileType = sourcecode.swift; path = "URLSession+data.swift"; sourceTree = "<group>"; };
		9D153DAF2E586C9100890E39 /* SplashViewController.swift */ = {isa = PBXFileReference; lastKnownFileType = sourcecode.swift; path = SplashViewController.swift; sourceTree = "<group>"; };
		9D153DB12E586DEE00890E39 /* OAuth2TokenStorage.swift */ = {isa = PBXFileReference; lastKnownFileType = sourcecode.swift; path = OAuth2TokenStorage.swift; sourceTree = "<group>"; };
		9D153DBA2EADE66900890E39 /* OAuthTokenResponseBody.swift */ = {isa = PBXFileReference; fileEncoding = 4; lastKnownFileType = sourcecode.swift; path = OAuthTokenResponseBody.swift; sourceTree = "<group>"; };
		9D153DBD2EAF7E7300890E39 /* WebKit.framework */ = {isa = PBXFileReference; lastKnownFileType = wrapper.framework; name = WebKit.framework; path = System/Library/Frameworks/WebKit.framework; sourceTree = SDKROOT; };
		9D153DBF2EAFC0C200890E39 /* OAuth2ServiceError.swift */ = {isa = PBXFileReference; lastKnownFileType = sourcecode.swift; path = OAuth2ServiceError.swift; sourceTree = "<group>"; };
		9D153DC12EAFE51400890E39 /* NetworkError.swift */ = {isa = PBXFileReference; lastKnownFileType = sourcecode.swift; path = NetworkError.swift; sourceTree = "<group>"; };
		9D153DCF2EB12B1B00890E39 /* UIBlockingProgressHUD.swift */ = {isa = PBXFileReference; lastKnownFileType = sourcecode.swift; path = UIBlockingProgressHUD.swift; sourceTree = "<group>"; };
		9D153DD42EB204E500890E39 /* ProfileService.swift */ = {isa = PBXFileReference; lastKnownFileType = sourcecode.swift; path = ProfileService.swift; sourceTree = "<group>"; };
		9D153DD62EB2691A00890E39 /* ProfileImageService.swift */ = {isa = PBXFileReference; lastKnownFileType = sourcecode.swift; path = ProfileImageService.swift; sourceTree = "<group>"; };
		9D153DDE2EB476F800890E39 /* TabBarController.swift */ = {isa = PBXFileReference; lastKnownFileType = sourcecode.swift; path = TabBarController.swift; sourceTree = "<group>"; };
		9DB3E87F2E02AC9B0006096D /* ImagesListCell.swift */ = {isa = PBXFileReference; lastKnownFileType = sourcecode.swift; path = ImagesListCell.swift; sourceTree = "<group>"; };
		9DBF23122DFFFC9900D821A0 /* ImageFeed.app */ = {isa = PBXFileReference; explicitFileType = wrapper.application; includeInIndex = 0; path = ImageFeed.app; sourceTree = BUILT_PRODUCTS_DIR; };
		9DBF23152DFFFC9900D821A0 /* AppDelegate.swift */ = {isa = PBXFileReference; lastKnownFileType = sourcecode.swift; path = AppDelegate.swift; sourceTree = "<group>"; };
		9DBF23172DFFFC9900D821A0 /* SceneDelegate.swift */ = {isa = PBXFileReference; lastKnownFileType = sourcecode.swift; path = SceneDelegate.swift; sourceTree = "<group>"; };
		9DBF23192DFFFC9900D821A0 /* ImagesListViewController.swift */ = {isa = PBXFileReference; lastKnownFileType = sourcecode.swift; path = ImagesListViewController.swift; sourceTree = "<group>"; };
		9DBF231C2DFFFC9900D821A0 /* Base */ = {isa = PBXFileReference; lastKnownFileType = file.storyboard; name = Base; path = Base.lproj/Main.storyboard; sourceTree = "<group>"; };
		9DBF23212DFFFC9A00D821A0 /* Base */ = {isa = PBXFileReference; lastKnownFileType = file.storyboard; name = Base; path = Base.lproj/LaunchScreen.storyboard; sourceTree = "<group>"; };
		9DBF23232DFFFC9A00D821A0 /* Info.plist */ = {isa = PBXFileReference; lastKnownFileType = text.plist.xml; path = Info.plist; sourceTree = "<group>"; };
		9DC6D5B72E0464510031DD88 /* Assets.xcassets */ = {isa = PBXFileReference; lastKnownFileType = folder.assetcatalog; path = Assets.xcassets; sourceTree = "<group>"; };
		9DC6D5BC2E449B750031DD88 /* ProfileViewController.swift */ = {isa = PBXFileReference; lastKnownFileType = sourcecode.swift; path = ProfileViewController.swift; sourceTree = "<group>"; };
		9DCE63032E45DAD800D9A3C2 /* SingleImageViewController.swift */ = {isa = PBXFileReference; lastKnownFileType = sourcecode.swift; path = SingleImageViewController.swift; sourceTree = "<group>"; };
/* End PBXFileReference section */

/* Begin PBXFrameworksBuildPhase section */
		9DBF230F2DFFFC9900D821A0 /* Frameworks */ = {
			isa = PBXFrameworksBuildPhase;
			buildActionMask = 2147483647;
			files = (
				9D153DDA2EB4627100890E39 /* Kingfisher in Frameworks */,
				9D153DBE2EAF7E7300890E39 /* WebKit.framework in Frameworks */,
				9D153DDD2EB4734300890E39 /* SwiftKeychainWrapper in Frameworks */,
				9D153DCE2EB0A32E00890E39 /* ProgressHUD in Frameworks */,
			);
			runOnlyForDeploymentPostprocessing = 0;
		};
/* End PBXFrameworksBuildPhase section */

/* Begin PBXGroup section */
		9D153DA62E57146900890E39 /* Auth */ = {
			isa = PBXGroup;
			children = (
				9D153DC72EAFE75200890E39 /* ViewControllers */,
			);
			path = Auth;
			sourceTree = "<group>";
		};
		9D153DB32E5ECCE800890E39 /* ServiceAccessLayer */ = {
			isa = PBXGroup;
			children = (
				9D153DD32EB204A600890E39 /* ProfileService */,
				9D153DC42EAFE70400890E39 /* Models */,
				9D153DC52EAFE71400890E39 /* Services */,
			);
			path = ServiceAccessLayer;
			sourceTree = "<group>";
		};
		9D153DBC2EAF7E7200890E39 /* Frameworks */ = {
			isa = PBXGroup;
			children = (
				9D153DBD2EAF7E7300890E39 /* WebKit.framework */,
			);
			name = Frameworks;
			sourceTree = "<group>";
		};
		9D153DC32EAFE69200890E39 /* Application */ = {
			isa = PBXGroup;
			children = (
				9DBF23152DFFFC9900D821A0 /* AppDelegate.swift */,
				9DBF23172DFFFC9900D821A0 /* SceneDelegate.swift */,
				9D153DA42E56F63500890E39 /* Constants.swift */,
				9D153DAD2E5866FA00890E39 /* URLSession+data.swift */,
				9D153DC12EAFE51400890E39 /* NetworkError.swift */,
				9D153DBF2EAFC0C200890E39 /* OAuth2ServiceError.swift */,
			);
			path = Application;
			sourceTree = "<group>";
		};
		9D153DC42EAFE70400890E39 /* Models */ = {
			isa = PBXGroup;
			children = (
				9D153DBA2EADE66900890E39 /* OAuthTokenResponseBody.swift */,
			);
			path = Models;
			sourceTree = "<group>";
		};
		9D153DC52EAFE71400890E39 /* Services */ = {
			isa = PBXGroup;
			children = (
				9D153DAB2E58629300890E39 /* OAuth2Service.swift */,
				9D153DB12E586DEE00890E39 /* OAuth2TokenStorage.swift */,
			);
			path = Services;
			sourceTree = "<group>";
		};
		9D153DC62EAFE74100890E39 /* Features */ = {
			isa = PBXGroup;
			children = (
				9D153DA62E57146900890E39 /* Auth */,
			);
			path = Features;
			sourceTree = "<group>";
		};
		9D153DC72EAFE75200890E39 /* ViewControllers */ = {
			isa = PBXGroup;
			children = (
				9D153DA72E57148800890E39 /* AuthViewController.swift */,
				9D153DA92E57162800890E39 /* WebViewViewController.swift */,
			);
			path = ViewControllers;
			sourceTree = "<group>";
		};
		9D153DC82EAFE7BD00890E39 /* ViewControllers */ = {
			isa = PBXGroup;
			children = (
				9DBF23192DFFFC9900D821A0 /* ImagesListViewController.swift */,
				9D153DDE2EB476F800890E39 /* TabBarController.swift */,
			);
			path = ViewControllers;
			sourceTree = "<group>";
		};
		9D153DC92EAFE7E800890E39 /* Views */ = {
			isa = PBXGroup;
			children = (
				9DB3E87F2E02AC9B0006096D /* ImagesListCell.swift */,
				9D153DCF2EB12B1B00890E39 /* UIBlockingProgressHUD.swift */,
			);
			path = Views;
			sourceTree = "<group>";
		};
		9D153DCA2EAFE86D00890E39 /* Splash */ = {
			isa = PBXGroup;
			children = (
				9D153DAF2E586C9100890E39 /* SplashViewController.swift */,
			);
			path = Splash;
			sourceTree = "<group>";
		};
		9D153DCB2EAFE89100890E39 /* Resources */ = {
			isa = PBXGroup;
			children = (
				9DC6D5B72E0464510031DD88 /* Assets.xcassets */,
				9DBF23202DFFFC9A00D821A0 /* LaunchScreen.storyboard */,
				9DBF231B2DFFFC9900D821A0 /* Main.storyboard */,
				9DBF23232DFFFC9A00D821A0 /* Info.plist */,
			);
			path = Resources;
			sourceTree = "<group>";
		};
		9D153DD32EB204A600890E39 /* ProfileService */ = {
			isa = PBXGroup;
			children = (
				9D153DD42EB204E500890E39 /* ProfileService.swift */,
			);
			path = ProfileService;
			sourceTree = "<group>";
		};
		9DB3E8812E02ACBA0006096D /* ImagesList */ = {
			isa = PBXGroup;
			children = (
				9D153DC82EAFE7BD00890E39 /* ViewControllers */,
				9D153DC92EAFE7E800890E39 /* Views */,
			);
			path = ImagesList;
			sourceTree = "<group>";
		};
		9DBF23092DFFFC9900D821A0 = {
			isa = PBXGroup;
			children = (
				9DBF23142DFFFC9900D821A0 /* ImageFeed */,
				9DBF23132DFFFC9900D821A0 /* Products */,
				9D153DBC2EAF7E7200890E39 /* Frameworks */,
			);
			sourceTree = "<group>";
		};
		9DBF23132DFFFC9900D821A0 /* Products */ = {
			isa = PBXGroup;
			children = (
				9DBF23122DFFFC9900D821A0 /* ImageFeed.app */,
			);
			name = Products;
			sourceTree = "<group>";
		};
		9DBF23142DFFFC9900D821A0 /* ImageFeed */ = {
			isa = PBXGroup;
			children = (
				9D153DC62EAFE74100890E39 /* Features */,
				9D153DC32EAFE69200890E39 /* Application */,
				9D153DB32E5ECCE800890E39 /* ServiceAccessLayer */,
				9DC6D5BB2E449B460031DD88 /* Profile */,
				9DCE63052E45E10900D9A3C2 /* SingleImageView */,
				9DB3E8812E02ACBA0006096D /* ImagesList */,
				9D153DCA2EAFE86D00890E39 /* Splash */,
				9D153DCB2EAFE89100890E39 /* Resources */,
			);
			path = ImageFeed;
			sourceTree = "<group>";
		};
		9DC6D5BB2E449B460031DD88 /* Profile */ = {
			isa = PBXGroup;
			children = (
				9DC6D5BC2E449B750031DD88 /* ProfileViewController.swift */,
				9D153DD62EB2691A00890E39 /* ProfileImageService.swift */,
			);
			path = Profile;
			sourceTree = "<group>";
		};
		9DCE63052E45E10900D9A3C2 /* SingleImageView */ = {
			isa = PBXGroup;
			children = (
				9DCE63032E45DAD800D9A3C2 /* SingleImageViewController.swift */,
			);
			path = SingleImageView;
			sourceTree = "<group>";
		};
/* End PBXGroup section */

/* Begin PBXNativeTarget section */
		9DBF23112DFFFC9900D821A0 /* ImageFeed */ = {
			isa = PBXNativeTarget;
			buildConfigurationList = 9DBF23262DFFFC9A00D821A0 /* Build configuration list for PBXNativeTarget "ImageFeed" */;
			buildPhases = (
				9DBF230E2DFFFC9900D821A0 /* Sources */,
				9DBF230F2DFFFC9900D821A0 /* Frameworks */,
				9DBF23102DFFFC9900D821A0 /* Resources */,
			);
			buildRules = (
			);
			dependencies = (
			);
			name = ImageFeed;
			packageProductDependencies = (
				9D153DCD2EB0A32E00890E39 /* ProgressHUD */,
				9D153DD92EB4627100890E39 /* Kingfisher */,
				9D153DDC2EB4734300890E39 /* SwiftKeychainWrapper */,
			);
			productName = ImageFeed;
			productReference = 9DBF23122DFFFC9900D821A0 /* ImageFeed.app */;
			productType = "com.apple.product-type.application";
		};
/* End PBXNativeTarget section */

/* Begin PBXProject section */
		9DBF230A2DFFFC9900D821A0 /* Project object */ = {
			isa = PBXProject;
			attributes = {
				BuildIndependentTargetsInParallel = 1;
				LastSwiftUpdateCheck = 1540;
				LastUpgradeCheck = 1540;
				TargetAttributes = {
					9DBF23112DFFFC9900D821A0 = {
						CreatedOnToolsVersion = 15.4;
					};
				};
			};
			buildConfigurationList = 9DBF230D2DFFFC9900D821A0 /* Build configuration list for PBXProject "ImageFeed" */;
			compatibilityVersion = "Xcode 14.0";
			developmentRegion = en;
			hasScannedForEncodings = 0;
			knownRegions = (
				en,
				Base,
			);
			mainGroup = 9DBF23092DFFFC9900D821A0;
			packageReferences = (
				9D153DCC2EB0A32E00890E39 /* XCRemoteSwiftPackageReference "ProgressHUD" */,
				9D153DD82EB4627100890E39 /* XCRemoteSwiftPackageReference "Kingfisher" */,
				9D153DDB2EB4734300890E39 /* XCRemoteSwiftPackageReference "SwiftKeychainWrapper" */,
			);
			productRefGroup = 9DBF23132DFFFC9900D821A0 /* Products */;
			projectDirPath = "";
			projectRoot = "";
			targets = (
				9DBF23112DFFFC9900D821A0 /* ImageFeed */,
			);
		};
/* End PBXProject section */

/* Begin PBXResourcesBuildPhase section */
		9DBF23102DFFFC9900D821A0 /* Resources */ = {
			isa = PBXResourcesBuildPhase;
			buildActionMask = 2147483647;
			files = (
				9DC6D5B52E0406040031DD88 /* Main.storyboard in Resources */,
				9DC6D5B82E0464510031DD88 /* Assets.xcassets in Resources */,
				9DBF232D2E015E6200D821A0 /* LaunchScreen.storyboard in Resources */,
			);
			runOnlyForDeploymentPostprocessing = 0;
		};
/* End PBXResourcesBuildPhase section */

/* Begin PBXSourcesBuildPhase section */
		9DBF230E2DFFFC9900D821A0 /* Sources */ = {
			isa = PBXSourcesBuildPhase;
			buildActionMask = 2147483647;
			files = (
				9DBF231A2DFFFC9900D821A0 /* ImagesListViewController.swift in Sources */,
				9D153DC22EAFE51400890E39 /* NetworkError.swift in Sources */,
				9DB3E8802E02AC9B0006096D /* ImagesListCell.swift in Sources */,
				9DC6D5BD2E449B750031DD88 /* ProfileViewController.swift in Sources */,
				9D153DB02E586C9100890E39 /* SplashViewController.swift in Sources */,
				9DBF23162DFFFC9900D821A0 /* AppDelegate.swift in Sources */,
				9D153DA82E57148800890E39 /* AuthViewController.swift in Sources */,
				9D153DA52E56F63500890E39 /* Constants.swift in Sources */,
				9D153DA32E4FA28700890E39 /* SingleImageViewController.swift in Sources */,
				9D153DAE2E5866FA00890E39 /* URLSession+data.swift in Sources */,
				9D153DAA2E57162800890E39 /* WebViewViewController.swift in Sources */,
				9D153DD72EB2691A00890E39 /* ProfileImageService.swift in Sources */,
				9D153DD52EB204E500890E39 /* ProfileService.swift in Sources */,
				9D153DDF2EB476F800890E39 /* TabBarController.swift in Sources */,
				9D153DBB2EADE66900890E39 /* OAuthTokenResponseBody.swift in Sources */,
				9D153DC02EAFC0C200890E39 /* OAuth2ServiceError.swift in Sources */,
				9D153DB22E586DEE00890E39 /* OAuth2TokenStorage.swift in Sources */,
				9D153DAC2E58629300890E39 /* OAuth2Service.swift in Sources */,
				9DBF23182DFFFC9900D821A0 /* SceneDelegate.swift in Sources */,
				9D153DD02EB12B1B00890E39 /* UIBlockingProgressHUD.swift in Sources */,
			);
			runOnlyForDeploymentPostprocessing = 0;
		};
/* End PBXSourcesBuildPhase section */

/* Begin PBXVariantGroup section */
		9DBF231B2DFFFC9900D821A0 /* Main.storyboard */ = {
			isa = PBXVariantGroup;
			children = (
				9DBF231C2DFFFC9900D821A0 /* Base */,
			);
			name = Main.storyboard;
			sourceTree = "<group>";
		};
		9DBF23202DFFFC9A00D821A0 /* LaunchScreen.storyboard */ = {
			isa = PBXVariantGroup;
			children = (
				9DBF23212DFFFC9A00D821A0 /* Base */,
			);
			name = LaunchScreen.storyboard;
			sourceTree = "<group>";
		};
/* End PBXVariantGroup section */

/* Begin XCBuildConfiguration section */
		9DBF23242DFFFC9A00D821A0 /* Debug */ = {
			isa = XCBuildConfiguration;
			buildSettings = {
				ALWAYS_SEARCH_USER_PATHS = NO;
				ASSETCATALOG_COMPILER_GENERATE_SWIFT_ASSET_SYMBOL_EXTENSIONS = YES;
				CLANG_ANALYZER_NONNULL = YES;
				CLANG_ANALYZER_NUMBER_OBJECT_CONVERSION = YES_AGGRESSIVE;
				CLANG_CXX_LANGUAGE_STANDARD = "gnu++20";
				CLANG_ENABLE_MODULES = YES;
				CLANG_ENABLE_OBJC_ARC = YES;
				CLANG_ENABLE_OBJC_WEAK = YES;
				CLANG_WARN_BLOCK_CAPTURE_AUTORELEASING = YES;
				CLANG_WARN_BOOL_CONVERSION = YES;
				CLANG_WARN_COMMA = YES;
				CLANG_WARN_CONSTANT_CONVERSION = YES;
				CLANG_WARN_DEPRECATED_OBJC_IMPLEMENTATIONS = YES;
				CLANG_WARN_DIRECT_OBJC_ISA_USAGE = YES_ERROR;
				CLANG_WARN_DOCUMENTATION_COMMENTS = YES;
				CLANG_WARN_EMPTY_BODY = YES;
				CLANG_WARN_ENUM_CONVERSION = YES;
				CLANG_WARN_INFINITE_RECURSION = YES;
				CLANG_WARN_INT_CONVERSION = YES;
				CLANG_WARN_NON_LITERAL_NULL_CONVERSION = YES;
				CLANG_WARN_OBJC_IMPLICIT_RETAIN_SELF = YES;
				CLANG_WARN_OBJC_LITERAL_CONVERSION = YES;
				CLANG_WARN_OBJC_ROOT_CLASS = YES_ERROR;
				CLANG_WARN_QUOTED_INCLUDE_IN_FRAMEWORK_HEADER = YES;
				CLANG_WARN_RANGE_LOOP_ANALYSIS = YES;
				CLANG_WARN_STRICT_PROTOTYPES = YES;
				CLANG_WARN_SUSPICIOUS_MOVE = YES;
				CLANG_WARN_UNGUARDED_AVAILABILITY = YES_AGGRESSIVE;
				CLANG_WARN_UNREACHABLE_CODE = YES;
				CLANG_WARN__DUPLICATE_METHOD_MATCH = YES;
				COPY_PHASE_STRIP = NO;
				DEBUG_INFORMATION_FORMAT = dwarf;
				ENABLE_STRICT_OBJC_MSGSEND = YES;
				ENABLE_TESTABILITY = YES;
				ENABLE_USER_SCRIPT_SANDBOXING = YES;
				GCC_C_LANGUAGE_STANDARD = gnu17;
				GCC_DYNAMIC_NO_PIC = NO;
				GCC_NO_COMMON_BLOCKS = YES;
				GCC_OPTIMIZATION_LEVEL = 0;
				GCC_PREPROCESSOR_DEFINITIONS = (
					"DEBUG=1",
					"$(inherited)",
				);
				GCC_WARN_64_TO_32_BIT_CONVERSION = YES;
				GCC_WARN_ABOUT_RETURN_TYPE = YES_ERROR;
				GCC_WARN_UNDECLARED_SELECTOR = YES;
				GCC_WARN_UNINITIALIZED_AUTOS = YES_AGGRESSIVE;
				GCC_WARN_UNUSED_FUNCTION = YES;
				GCC_WARN_UNUSED_VARIABLE = YES;
				IPHONEOS_DEPLOYMENT_TARGET = 17.5;
				LOCALIZATION_PREFERS_STRING_CATALOGS = YES;
				MTL_ENABLE_DEBUG_INFO = INCLUDE_SOURCE;
				MTL_FAST_MATH = YES;
				ONLY_ACTIVE_ARCH = YES;
				SDKROOT = iphoneos;
				SWIFT_ACTIVE_COMPILATION_CONDITIONS = "DEBUG $(inherited)";
				SWIFT_OPTIMIZATION_LEVEL = "-Onone";
			};
			name = Debug;
		};
		9DBF23252DFFFC9A00D821A0 /* Release */ = {
			isa = XCBuildConfiguration;
			buildSettings = {
				ALWAYS_SEARCH_USER_PATHS = NO;
				ASSETCATALOG_COMPILER_GENERATE_SWIFT_ASSET_SYMBOL_EXTENSIONS = YES;
				CLANG_ANALYZER_NONNULL = YES;
				CLANG_ANALYZER_NUMBER_OBJECT_CONVERSION = YES_AGGRESSIVE;
				CLANG_CXX_LANGUAGE_STANDARD = "gnu++20";
				CLANG_ENABLE_MODULES = YES;
				CLANG_ENABLE_OBJC_ARC = YES;
				CLANG_ENABLE_OBJC_WEAK = YES;
				CLANG_WARN_BLOCK_CAPTURE_AUTORELEASING = YES;
				CLANG_WARN_BOOL_CONVERSION = YES;
				CLANG_WARN_COMMA = YES;
				CLANG_WARN_CONSTANT_CONVERSION = YES;
				CLANG_WARN_DEPRECATED_OBJC_IMPLEMENTATIONS = YES;
				CLANG_WARN_DIRECT_OBJC_ISA_USAGE = YES_ERROR;
				CLANG_WARN_DOCUMENTATION_COMMENTS = YES;
				CLANG_WARN_EMPTY_BODY = YES;
				CLANG_WARN_ENUM_CONVERSION = YES;
				CLANG_WARN_INFINITE_RECURSION = YES;
				CLANG_WARN_INT_CONVERSION = YES;
				CLANG_WARN_NON_LITERAL_NULL_CONVERSION = YES;
				CLANG_WARN_OBJC_IMPLICIT_RETAIN_SELF = YES;
				CLANG_WARN_OBJC_LITERAL_CONVERSION = YES;
				CLANG_WARN_OBJC_ROOT_CLASS = YES_ERROR;
				CLANG_WARN_QUOTED_INCLUDE_IN_FRAMEWORK_HEADER = YES;
				CLANG_WARN_RANGE_LOOP_ANALYSIS = YES;
				CLANG_WARN_STRICT_PROTOTYPES = YES;
				CLANG_WARN_SUSPICIOUS_MOVE = YES;
				CLANG_WARN_UNGUARDED_AVAILABILITY = YES_AGGRESSIVE;
				CLANG_WARN_UNREACHABLE_CODE = YES;
				CLANG_WARN__DUPLICATE_METHOD_MATCH = YES;
				COPY_PHASE_STRIP = NO;
				DEBUG_INFORMATION_FORMAT = "dwarf-with-dsym";
				ENABLE_NS_ASSERTIONS = NO;
				ENABLE_STRICT_OBJC_MSGSEND = YES;
				ENABLE_USER_SCRIPT_SANDBOXING = YES;
				GCC_C_LANGUAGE_STANDARD = gnu17;
				GCC_NO_COMMON_BLOCKS = YES;
				GCC_WARN_64_TO_32_BIT_CONVERSION = YES;
				GCC_WARN_ABOUT_RETURN_TYPE = YES_ERROR;
				GCC_WARN_UNDECLARED_SELECTOR = YES;
				GCC_WARN_UNINITIALIZED_AUTOS = YES_AGGRESSIVE;
				GCC_WARN_UNUSED_FUNCTION = YES;
				GCC_WARN_UNUSED_VARIABLE = YES;
				IPHONEOS_DEPLOYMENT_TARGET = 17.5;
				LOCALIZATION_PREFERS_STRING_CATALOGS = YES;
				MTL_ENABLE_DEBUG_INFO = NO;
				MTL_FAST_MATH = YES;
				SDKROOT = iphoneos;
				SWIFT_COMPILATION_MODE = wholemodule;
				VALIDATE_PRODUCT = YES;
			};
			name = Release;
		};
		9DBF23272DFFFC9A00D821A0 /* Debug */ = {
			isa = XCBuildConfiguration;
			buildSettings = {
				ASSETCATALOG_COMPILER_APPICON_NAME = AppIcon;
				ASSETCATALOG_COMPILER_GLOBAL_ACCENT_COLOR_NAME = AccentColor;
				CODE_SIGN_STYLE = Automatic;
				CURRENT_PROJECT_VERSION = 1;
				DEVELOPMENT_TEAM = PZYRH5WWAF;
				GENERATE_INFOPLIST_FILE = YES;
				INFOPLIST_FILE = ImageFeed/Resources/Info.plist;
				INFOPLIST_KEY_UIApplicationSupportsIndirectInputEvents = YES;
				INFOPLIST_KEY_UILaunchStoryboardName = LaunchScreen;
				INFOPLIST_KEY_UIMainStoryboardFile = Main;
				INFOPLIST_KEY_UISupportedInterfaceOrientations_iPhone = UIInterfaceOrientationPortrait;
				IPHONEOS_DEPLOYMENT_TARGET = 14.1;
				LD_RUNPATH_SEARCH_PATHS = (
					"$(inherited)",
					"@executable_path/Frameworks",
				);
				MARKETING_VERSION = 1.0;
				PRODUCT_BUNDLE_IDENTIFIER = ad1anastia.ImageFeed;
				PRODUCT_NAME = "$(TARGET_NAME)";
				SUPPORTED_PLATFORMS = "iphoneos iphonesimulator";
				SUPPORTS_MACCATALYST = NO;
				SWIFT_EMIT_LOC_STRINGS = YES;
				SWIFT_VERSION = 5.0;
				TARGETED_DEVICE_FAMILY = 1;
			};
			name = Debug;
		};
		9DBF23282DFFFC9A00D821A0 /* Release */ = {
			isa = XCBuildConfiguration;
			buildSettings = {
				ASSETCATALOG_COMPILER_APPICON_NAME = AppIcon;
				ASSETCATALOG_COMPILER_GLOBAL_ACCENT_COLOR_NAME = AccentColor;
				CODE_SIGN_STYLE = Automatic;
				CURRENT_PROJECT_VERSION = 1;
				DEVELOPMENT_TEAM = PZYRH5WWAF;
				GENERATE_INFOPLIST_FILE = YES;
				INFOPLIST_FILE = ImageFeed/Resources/Info.plist;
				INFOPLIST_KEY_UIApplicationSupportsIndirectInputEvents = YES;
				INFOPLIST_KEY_UILaunchStoryboardName = LaunchScreen;
				INFOPLIST_KEY_UIMainStoryboardFile = Main;
				INFOPLIST_KEY_UISupportedInterfaceOrientations_iPhone = UIInterfaceOrientationPortrait;
				IPHONEOS_DEPLOYMENT_TARGET = 14.1;
				LD_RUNPATH_SEARCH_PATHS = (
					"$(inherited)",
					"@executable_path/Frameworks",
				);
				MARKETING_VERSION = 1.0;
				PRODUCT_BUNDLE_IDENTIFIER = ad1anastia.ImageFeed;
				PRODUCT_NAME = "$(TARGET_NAME)";
				SUPPORTED_PLATFORMS = "iphoneos iphonesimulator";
				SUPPORTS_MACCATALYST = NO;
				SWIFT_EMIT_LOC_STRINGS = YES;
				SWIFT_VERSION = 5.0;
				TARGETED_DEVICE_FAMILY = 1;
			};
			name = Release;
		};
/* End XCBuildConfiguration section */

/* Begin XCConfigurationList section */
		9DBF230D2DFFFC9900D821A0 /* Build configuration list for PBXProject "ImageFeed" */ = {
			isa = XCConfigurationList;
			buildConfigurations = (
				9DBF23242DFFFC9A00D821A0 /* Debug */,
				9DBF23252DFFFC9A00D821A0 /* Release */,
			);
			defaultConfigurationIsVisible = 0;
			defaultConfigurationName = Release;
		};
		9DBF23262DFFFC9A00D821A0 /* Build configuration list for PBXNativeTarget "ImageFeed" */ = {
			isa = XCConfigurationList;
			buildConfigurations = (
				9DBF23272DFFFC9A00D821A0 /* Debug */,
				9DBF23282DFFFC9A00D821A0 /* Release */,
			);
			defaultConfigurationIsVisible = 0;
			defaultConfigurationName = Release;
		};
/* End XCConfigurationList section */

/* Begin XCRemoteSwiftPackageReference section */
		9D153DCC2EB0A32E00890E39 /* XCRemoteSwiftPackageReference "ProgressHUD" */ = {
			isa = XCRemoteSwiftPackageReference;
			repositoryURL = "https://github.com/relatedcode/ProgressHUD.git";
			requirement = {
				kind = upToNextMajorVersion;
				minimumVersion = 14.1.4;
			};
		};
		9D153DD82EB4627100890E39 /* XCRemoteSwiftPackageReference "Kingfisher" */ = {
			isa = XCRemoteSwiftPackageReference;
			repositoryURL = "https://github.com/onevcat/Kingfisher.git";
			requirement = {
				kind = upToNextMajorVersion;
				minimumVersion = 8.6.1;
			};
		};
		9D153DDB2EB4734300890E39 /* XCRemoteSwiftPackageReference "SwiftKeychainWrapper" */ = {
			isa = XCRemoteSwiftPackageReference;
			repositoryURL = "https://github.com/jrendel/SwiftKeychainWrapper";
			requirement = {
				kind = upToNextMajorVersion;
				minimumVersion = 4.0.1;
			};
		};
/* End XCRemoteSwiftPackageReference section */

/* Begin XCSwiftPackageProductDependency section */
		9D153DCD2EB0A32E00890E39 /* ProgressHUD */ = {
			isa = XCSwiftPackageProductDependency;
			package = 9D153DCC2EB0A32E00890E39 /* XCRemoteSwiftPackageReference "ProgressHUD" */;
			productName = ProgressHUD;
		};
		9D153DD92EB4627100890E39 /* Kingfisher */ = {
			isa = XCSwiftPackageProductDependency;
			package = 9D153DD82EB4627100890E39 /* XCRemoteSwiftPackageReference "Kingfisher" */;
			productName = Kingfisher;
		};
		9D153DDC2EB4734300890E39 /* SwiftKeychainWrapper */ = {
			isa = XCSwiftPackageProductDependency;
			package = 9D153DDB2EB4734300890E39 /* XCRemoteSwiftPackageReference "SwiftKeychainWrapper" */;
			productName = SwiftKeychainWrapper;
		};
/* End XCSwiftPackageProductDependency section */
	};
	rootObject = 9DBF230A2DFFFC9900D821A0 /* Project object */;
}
